// !$*UTF8*$!
{
	archiveVersion = 1;
	classes = {
	};
	objectVersion = 50;
	objects = {

/* Begin PBXBuildFile section */
		A68344D322A8171300B43C6E /* AppDelegate.swift in Sources */ = {isa = PBXBuildFile; fileRef = A68344D222A8171300B43C6E /* AppDelegate.swift */; };
		A68344D522A8171300B43C6E /* MainTableViewController.swift in Sources */ = {isa = PBXBuildFile; fileRef = A68344D422A8171300B43C6E /* MainTableViewController.swift */; };
		A68344DA22A8171600B43C6E /* Assets.xcassets in Resources */ = {isa = PBXBuildFile; fileRef = A68344D922A8171600B43C6E /* Assets.xcassets */; };
		A68344DD22A8171600B43C6E /* LaunchScreen.storyboard in Resources */ = {isa = PBXBuildFile; fileRef = A68344DB22A8171600B43C6E /* LaunchScreen.storyboard */; };
		A68344E822A8570900B43C6E /* Store.swift in Sources */ = {isa = PBXBuildFile; fileRef = A68344E722A8570900B43C6E /* Store.swift */; };
		A68344EB22A85A5B00B43C6E /* ItemTableViewCell.swift in Sources */ = {isa = PBXBuildFile; fileRef = A68344E922A85A5B00B43C6E /* ItemTableViewCell.swift */; };
		A68344EC22A85A5B00B43C6E /* ItemTableViewCell.xib in Resources */ = {isa = PBXBuildFile; fileRef = A68344EA22A85A5B00B43C6E /* ItemTableViewCell.xib */; };
		A68344EE22A8600900B43C6E /* BaseTableViewController.swift in Sources */ = {isa = PBXBuildFile; fileRef = A68344ED22A8600900B43C6E /* BaseTableViewController.swift */; };
		A68344F022A8616A00B43C6E /* ResultsTableController.swift in Sources */ = {isa = PBXBuildFile; fileRef = A68344EF22A8616A00B43C6E /* ResultsTableController.swift */; };
		A68344F222A8695300B43C6E /* SearchHistory.swift in Sources */ = {isa = PBXBuildFile; fileRef = A68344F122A8695300B43C6E /* SearchHistory.swift */; };
		A68344F422A8698500B43C6E /* SearchHeaderView.swift in Sources */ = {isa = PBXBuildFile; fileRef = A68344F322A8698500B43C6E /* SearchHeaderView.swift */; };
		A68344F622A8A42700B43C6E /* table.plist in Resources */ = {isa = PBXBuildFile; fileRef = A68344F822A8A42700B43C6E /* table.plist */; };
		A683450922A8C56100B43C6E /* GuideCollectionViewController.swift in Sources */ = {isa = PBXBuildFile; fileRef = A683450822A8C56100B43C6E /* GuideCollectionViewController.swift */; };
		A683450C22A8C57A00B43C6E /* GuideCollectionViewCell.swift in Sources */ = {isa = PBXBuildFile; fileRef = A683450A22A8C57A00B43C6E /* GuideCollectionViewCell.swift */; };
		A683450D22A8C57A00B43C6E /* GuideCollectionViewCell.xib in Resources */ = {isa = PBXBuildFile; fileRef = A683450B22A8C57A00B43C6E /* GuideCollectionViewCell.xib */; };
		A683451222A8FB6000B43C6E /* IBView.swift in Sources */ = {isa = PBXBuildFile; fileRef = A683451122A8FB6000B43C6E /* IBView.swift */; };
		A683451522A9264300B43C6E /* GuideHeaderView.swift in Sources */ = {isa = PBXBuildFile; fileRef = A683451322A9264300B43C6E /* GuideHeaderView.swift */; };
		A6AC2A4222ACB0FE00ED8E61 /* NotificationHelper.swift in Sources */ = {isa = PBXBuildFile; fileRef = A6AC2A4122ACB0FD00ED8E61 /* NotificationHelper.swift */; };
		A6AC2A4422ACB26900ED8E61 /* Reminder+Notification.swift in Sources */ = {isa = PBXBuildFile; fileRef = A6AC2A4322ACB26900ED8E61 /* Reminder+Notification.swift */; };
		A6DD796C22AA41FB00C51D25 /* guide.plist in Resources */ = {isa = PBXBuildFile; fileRef = A6DD796E22AA41FB00C51D25 /* guide.plist */; };
		A6DD797322AA4EDE00C51D25 /* Localizable.strings in Resources */ = {isa = PBXBuildFile; fileRef = A6DD797122AA4EDE00C51D25 /* Localizable.strings */; };
		A6DD797622AA5A4800C51D25 /* GuideHeaderView.xib in Resources */ = {isa = PBXBuildFile; fileRef = A6DD797822AA5A4800C51D25 /* GuideHeaderView.xib */; };
		A6E660D422ABD3BA00331B8B /* Reminder.swift in Sources */ = {isa = PBXBuildFile; fileRef = A6E660D322ABD3BA00331B8B /* Reminder.swift */; };
		A6E660D622ABD5CB00331B8B /* ReminderListViewController.swift in Sources */ = {isa = PBXBuildFile; fileRef = A6E660D522ABD5CB00331B8B /* ReminderListViewController.swift */; };
		A6E660D922ABD61D00331B8B /* ReminderTableViewCell.swift in Sources */ = {isa = PBXBuildFile; fileRef = A6E660D722ABD61D00331B8B /* ReminderTableViewCell.swift */; };
		A6E660DA22ABD61D00331B8B /* ReminderTableViewCell.xib in Resources */ = {isa = PBXBuildFile; fileRef = A6E660D822ABD61D00331B8B /* ReminderTableViewCell.xib */; };
		A6E660DC22ABE44700331B8B /* EditReminderViewController.swift in Sources */ = {isa = PBXBuildFile; fileRef = A6E660DB22ABE44700331B8B /* EditReminderViewController.swift */; };
		A6E660DF22ABE46E00331B8B /* WeekdayTableViewCell.swift in Sources */ = {isa = PBXBuildFile; fileRef = A6E660DD22ABE46E00331B8B /* WeekdayTableViewCell.swift */; };
		A6E660E022ABE46E00331B8B /* WeekdayTableViewCell.xib in Resources */ = {isa = PBXBuildFile; fileRef = A6E660DE22ABE46E00331B8B /* WeekdayTableViewCell.xib */; };
		A6E660E322ABE8A000331B8B /* WeekTableViewCell.swift in Sources */ = {isa = PBXBuildFile; fileRef = A6E660E122ABE8A000331B8B /* WeekTableViewCell.swift */; };
		A6E660E422ABE8A000331B8B /* WeekTableViewCell.xib in Resources */ = {isa = PBXBuildFile; fileRef = A6E660E222ABE8A000331B8B /* WeekTableViewCell.xib */; };
		A6E660E722ABFE8500331B8B /* TimeTableViewCell.swift in Sources */ = {isa = PBXBuildFile; fileRef = A6E660E522ABFE8500331B8B /* TimeTableViewCell.swift */; };
		A6E660E822ABFE8500331B8B /* TimeTableViewCell.xib in Resources */ = {isa = PBXBuildFile; fileRef = A6E660E622ABFE8500331B8B /* TimeTableViewCell.xib */; };
/* End PBXBuildFile section */

/* Begin PBXFileReference section */
		A68344CF22A8171300B43C6E /* Gomi.app */ = {isa = PBXFileReference; explicitFileType = wrapper.application; includeInIndex = 0; path = Gomi.app; sourceTree = BUILT_PRODUCTS_DIR; };
		A68344D222A8171300B43C6E /* AppDelegate.swift */ = {isa = PBXFileReference; lastKnownFileType = sourcecode.swift; path = AppDelegate.swift; sourceTree = "<group>"; };
		A68344D422A8171300B43C6E /* MainTableViewController.swift */ = {isa = PBXFileReference; lastKnownFileType = sourcecode.swift; path = MainTableViewController.swift; sourceTree = "<group>"; };
		A68344D922A8171600B43C6E /* Assets.xcassets */ = {isa = PBXFileReference; lastKnownFileType = folder.assetcatalog; path = Assets.xcassets; sourceTree = "<group>"; };
		A68344DC22A8171600B43C6E /* Base */ = {isa = PBXFileReference; lastKnownFileType = file.storyboard; name = Base; path = Base.lproj/LaunchScreen.storyboard; sourceTree = "<group>"; };
		A68344DE22A8171600B43C6E /* Info.plist */ = {isa = PBXFileReference; lastKnownFileType = text.plist.xml; path = Info.plist; sourceTree = "<group>"; };
		A68344E722A8570900B43C6E /* Store.swift */ = {isa = PBXFileReference; lastKnownFileType = sourcecode.swift; path = Store.swift; sourceTree = "<group>"; };
		A68344E922A85A5B00B43C6E /* ItemTableViewCell.swift */ = {isa = PBXFileReference; lastKnownFileType = sourcecode.swift; path = ItemTableViewCell.swift; sourceTree = "<group>"; };
		A68344EA22A85A5B00B43C6E /* ItemTableViewCell.xib */ = {isa = PBXFileReference; lastKnownFileType = file.xib; path = ItemTableViewCell.xib; sourceTree = "<group>"; };
		A68344ED22A8600900B43C6E /* BaseTableViewController.swift */ = {isa = PBXFileReference; lastKnownFileType = sourcecode.swift; path = BaseTableViewController.swift; sourceTree = "<group>"; };
		A68344EF22A8616A00B43C6E /* ResultsTableController.swift */ = {isa = PBXFileReference; fileEncoding = 4; lastKnownFileType = sourcecode.swift; path = ResultsTableController.swift; sourceTree = "<group>"; };
		A68344F122A8695300B43C6E /* SearchHistory.swift */ = {isa = PBXFileReference; fileEncoding = 4; lastKnownFileType = sourcecode.swift; path = SearchHistory.swift; sourceTree = "<group>"; };
		A68344F322A8698500B43C6E /* SearchHeaderView.swift */ = {isa = PBXFileReference; fileEncoding = 4; lastKnownFileType = sourcecode.swift; path = SearchHeaderView.swift; sourceTree = "<group>"; };
		A68344F522A86F6300B43C6E /* README.md */ = {isa = PBXFileReference; lastKnownFileType = net.daringfireball.markdown; path = README.md; sourceTree = SOURCE_ROOT; };
		A68344F922A8A44A00B43C6E /* ja */ = {isa = PBXFileReference; lastKnownFileType = text.plist.strings; name = ja; path = ja.lproj/LaunchScreen.strings; sourceTree = "<group>"; };
		A68344FA22A8A44A00B43C6E /* ja */ = {isa = PBXFileReference; lastKnownFileType = text.plist.xml; name = ja; path = ja.lproj/table.plist; sourceTree = "<group>"; };
		A68344FB22A8A45400B43C6E /* zh-Hans */ = {isa = PBXFileReference; lastKnownFileType = text.plist.strings; name = "zh-Hans"; path = "zh-Hans.lproj/LaunchScreen.strings"; sourceTree = "<group>"; };
		A683450422A8C0DF00B43C6E /* zh-Hans */ = {isa = PBXFileReference; lastKnownFileType = text.plist.xml; name = "zh-Hans"; path = "zh-Hans.lproj/table.plist"; sourceTree = "<group>"; };
		A683450522A8C0E100B43C6E /* en */ = {isa = PBXFileReference; lastKnownFileType = text.plist.xml; name = en; path = en.lproj/table.plist; sourceTree = "<group>"; };
		A683450822A8C56100B43C6E /* GuideCollectionViewController.swift */ = {isa = PBXFileReference; lastKnownFileType = sourcecode.swift; path = GuideCollectionViewController.swift; sourceTree = "<group>"; };
		A683450A22A8C57A00B43C6E /* GuideCollectionViewCell.swift */ = {isa = PBXFileReference; lastKnownFileType = sourcecode.swift; path = GuideCollectionViewCell.swift; sourceTree = "<group>"; };
		A683450B22A8C57A00B43C6E /* GuideCollectionViewCell.xib */ = {isa = PBXFileReference; lastKnownFileType = file.xib; path = GuideCollectionViewCell.xib; sourceTree = "<group>"; };
		A683451122A8FB6000B43C6E /* IBView.swift */ = {isa = PBXFileReference; lastKnownFileType = sourcecode.swift; path = IBView.swift; sourceTree = "<group>"; };
		A683451322A9264300B43C6E /* GuideHeaderView.swift */ = {isa = PBXFileReference; lastKnownFileType = sourcecode.swift; path = GuideHeaderView.swift; sourceTree = "<group>"; };
		A6AC2A4122ACB0FD00ED8E61 /* NotificationHelper.swift */ = {isa = PBXFileReference; lastKnownFileType = sourcecode.swift; path = NotificationHelper.swift; sourceTree = "<group>"; };
		A6AC2A4322ACB26900ED8E61 /* Reminder+Notification.swift */ = {isa = PBXFileReference; lastKnownFileType = sourcecode.swift; path = "Reminder+Notification.swift"; sourceTree = "<group>"; };
		A6DD796D22AA41FB00C51D25 /* zh-Hans */ = {isa = PBXFileReference; lastKnownFileType = text.plist.xml; name = "zh-Hans"; path = "zh-Hans.lproj/guide.plist"; sourceTree = "<group>"; };
		A6DD796F22AA420800C51D25 /* ja */ = {isa = PBXFileReference; lastKnownFileType = text.plist.xml; name = ja; path = ja.lproj/guide.plist; sourceTree = "<group>"; };
		A6DD797022AA420900C51D25 /* en */ = {isa = PBXFileReference; lastKnownFileType = text.plist.xml; name = en; path = en.lproj/guide.plist; sourceTree = "<group>"; };
		A6DD797222AA4EDE00C51D25 /* en */ = {isa = PBXFileReference; lastKnownFileType = text.plist.strings; name = en; path = en.lproj/Localizable.strings; sourceTree = "<group>"; };
		A6DD797422AA4EE200C51D25 /* zh-Hans */ = {isa = PBXFileReference; lastKnownFileType = text.plist.strings; name = "zh-Hans"; path = "zh-Hans.lproj/Localizable.strings"; sourceTree = "<group>"; };
		A6DD797522AA4EE500C51D25 /* ja */ = {isa = PBXFileReference; lastKnownFileType = text.plist.strings; name = ja; path = ja.lproj/Localizable.strings; sourceTree = "<group>"; };
		A6DD797722AA5A4800C51D25 /* en */ = {isa = PBXFileReference; lastKnownFileType = file.xib; name = en; path = en.lproj/GuideHeaderView.xib; sourceTree = "<group>"; };
		A6DD797E22AA5B8700C51D25 /* zh-Hans */ = {isa = PBXFileReference; lastKnownFileType = file.xib; name = "zh-Hans"; path = "zh-Hans.lproj/GuideHeaderView.xib"; sourceTree = "<group>"; };
		A6DD797F22AA5B8700C51D25 /* ja */ = {isa = PBXFileReference; lastKnownFileType = file.xib; name = ja; path = ja.lproj/GuideHeaderView.xib; sourceTree = "<group>"; };
		A6E660D322ABD3BA00331B8B /* Reminder.swift */ = {isa = PBXFileReference; lastKnownFileType = sourcecode.swift; path = Reminder.swift; sourceTree = "<group>"; };
		A6E660D522ABD5CB00331B8B /* ReminderListViewController.swift */ = {isa = PBXFileReference; lastKnownFileType = sourcecode.swift; path = ReminderListViewController.swift; sourceTree = "<group>"; };
		A6E660D722ABD61D00331B8B /* ReminderTableViewCell.swift */ = {isa = PBXFileReference; lastKnownFileType = sourcecode.swift; path = ReminderTableViewCell.swift; sourceTree = "<group>"; };
		A6E660D822ABD61D00331B8B /* ReminderTableViewCell.xib */ = {isa = PBXFileReference; lastKnownFileType = file.xib; path = ReminderTableViewCell.xib; sourceTree = "<group>"; };
		A6E660DB22ABE44700331B8B /* EditReminderViewController.swift */ = {isa = PBXFileReference; lastKnownFileType = sourcecode.swift; path = EditReminderViewController.swift; sourceTree = "<group>"; };
		A6E660DD22ABE46E00331B8B /* WeekdayTableViewCell.swift */ = {isa = PBXFileReference; lastKnownFileType = sourcecode.swift; path = WeekdayTableViewCell.swift; sourceTree = "<group>"; };
		A6E660DE22ABE46E00331B8B /* WeekdayTableViewCell.xib */ = {isa = PBXFileReference; lastKnownFileType = file.xib; path = WeekdayTableViewCell.xib; sourceTree = "<group>"; };
		A6E660E122ABE8A000331B8B /* WeekTableViewCell.swift */ = {isa = PBXFileReference; lastKnownFileType = sourcecode.swift; path = WeekTableViewCell.swift; sourceTree = "<group>"; };
		A6E660E222ABE8A000331B8B /* WeekTableViewCell.xib */ = {isa = PBXFileReference; lastKnownFileType = file.xib; path = WeekTableViewCell.xib; sourceTree = "<group>"; };
		A6E660E522ABFE8500331B8B /* TimeTableViewCell.swift */ = {isa = PBXFileReference; lastKnownFileType = sourcecode.swift; path = TimeTableViewCell.swift; sourceTree = "<group>"; };
		A6E660E622ABFE8500331B8B /* TimeTableViewCell.xib */ = {isa = PBXFileReference; lastKnownFileType = file.xib; path = TimeTableViewCell.xib; sourceTree = "<group>"; };
/* End PBXFileReference section */

/* Begin PBXFrameworksBuildPhase section */
		A68344CC22A8171300B43C6E /* Frameworks */ = {
			isa = PBXFrameworksBuildPhase;
			buildActionMask = 2147483647;
			files = (
			);
			runOnlyForDeploymentPostprocessing = 0;
		};
/* End PBXFrameworksBuildPhase section */

/* Begin PBXGroup section */
		A68344C622A8171300B43C6E = {
			isa = PBXGroup;
			children = (
				A68344D122A8171300B43C6E /* Gomi */,
				A68344D022A8171300B43C6E /* Products */,
			);
			sourceTree = "<group>";
		};
		A68344D022A8171300B43C6E /* Products */ = {
			isa = PBXGroup;
			children = (
				A68344CF22A8171300B43C6E /* Gomi.app */,
			);
			name = Products;
			sourceTree = "<group>";
		};
		A68344D122A8171300B43C6E /* Gomi */ = {
			isa = PBXGroup;
			children = (
				A68344D222A8171300B43C6E /* AppDelegate.swift */,
				A68344E722A8570900B43C6E /* Store.swift */,
				A6E660D322ABD3BA00331B8B /* Reminder.swift */,
				A6AC2A4322ACB26900ED8E61 /* Reminder+Notification.swift */,
				A6AC2A4122ACB0FD00ED8E61 /* NotificationHelper.swift */,
				A6E660D522ABD5CB00331B8B /* ReminderListViewController.swift */,
				A6E660D722ABD61D00331B8B /* ReminderTableViewCell.swift */,
				A6E660D822ABD61D00331B8B /* ReminderTableViewCell.xib */,
				A6E660DB22ABE44700331B8B /* EditReminderViewController.swift */,
				A6E660DD22ABE46E00331B8B /* WeekdayTableViewCell.swift */,
				A6E660DE22ABE46E00331B8B /* WeekdayTableViewCell.xib */,
				A6E660E122ABE8A000331B8B /* WeekTableViewCell.swift */,
				A6E660E222ABE8A000331B8B /* WeekTableViewCell.xib */,
				A6E660E522ABFE8500331B8B /* TimeTableViewCell.swift */,
				A6E660E622ABFE8500331B8B /* TimeTableViewCell.xib */,
				A68344F122A8695300B43C6E /* SearchHistory.swift */,
				A68344F322A8698500B43C6E /* SearchHeaderView.swift */,
				A68344D422A8171300B43C6E /* MainTableViewController.swift */,
				A68344EF22A8616A00B43C6E /* ResultsTableController.swift */,
				A68344ED22A8600900B43C6E /* BaseTableViewController.swift */,
				A68344E922A85A5B00B43C6E /* ItemTableViewCell.swift */,
				A68344EA22A85A5B00B43C6E /* ItemTableViewCell.xib */,
				A683450822A8C56100B43C6E /* GuideCollectionViewController.swift */,
				A683450A22A8C57A00B43C6E /* GuideCollectionViewCell.swift */,
				A683450B22A8C57A00B43C6E /* GuideCollectionViewCell.xib */,
				A683451322A9264300B43C6E /* GuideHeaderView.swift */,
				A6DD797822AA5A4800C51D25 /* GuideHeaderView.xib */,
				A683451122A8FB6000B43C6E /* IBView.swift */,
				A68344D922A8171600B43C6E /* Assets.xcassets */,
				A68344DB22A8171600B43C6E /* LaunchScreen.storyboard */,
				A6DD797122AA4EDE00C51D25 /* Localizable.strings */,
				A68344F822A8A42700B43C6E /* table.plist */,
				A6DD796E22AA41FB00C51D25 /* guide.plist */,
				A68344DE22A8171600B43C6E /* Info.plist */,
				A68344F522A86F6300B43C6E /* README.md */,
			);
			path = Gomi;
			sourceTree = "<group>";
		};
/* End PBXGroup section */

/* Begin PBXNativeTarget section */
		A68344CE22A8171300B43C6E /* Gomi */ = {
			isa = PBXNativeTarget;
			buildConfigurationList = A68344E122A8171600B43C6E /* Build configuration list for PBXNativeTarget "Gomi" */;
			buildPhases = (
				A68344CB22A8171300B43C6E /* Sources */,
				A68344CC22A8171300B43C6E /* Frameworks */,
				A68344CD22A8171300B43C6E /* Resources */,
				A683450E22A8CBED00B43C6E /* Reveal */,
			);
			buildRules = (
			);
			dependencies = (
			);
			name = Gomi;
			productName = Gomi;
			productReference = A68344CF22A8171300B43C6E /* Gomi.app */;
			productType = "com.apple.product-type.application";
		};
/* End PBXNativeTarget section */

/* Begin PBXProject section */
		A68344C722A8171300B43C6E /* Project object */ = {
			isa = PBXProject;
			attributes = {
				LastSwiftUpdateCheck = 1020;
				LastUpgradeCheck = 1020;
				TargetAttributes = {
					A68344CE22A8171300B43C6E = {
						CreatedOnToolsVersion = 10.2.1;
					};
				};
			};
			buildConfigurationList = A68344CA22A8171300B43C6E /* Build configuration list for PBXProject "Gomi" */;
			compatibilityVersion = "Xcode 9.3";
			developmentRegion = en;
			hasScannedForEncodings = 0;
			knownRegions = (
				en,
				Base,
				ja,
				"zh-Hans",
			);
			mainGroup = A68344C622A8171300B43C6E;
			productRefGroup = A68344D022A8171300B43C6E /* Products */;
			projectDirPath = "";
			projectRoot = "";
			targets = (
				A68344CE22A8171300B43C6E /* Gomi */,
			);
		};
/* End PBXProject section */

/* Begin PBXResourcesBuildPhase section */
		A68344CD22A8171300B43C6E /* Resources */ = {
			isa = PBXResourcesBuildPhase;
			buildActionMask = 2147483647;
			files = (
				A68344EC22A85A5B00B43C6E /* ItemTableViewCell.xib in Resources */,
				A683450D22A8C57A00B43C6E /* GuideCollectionViewCell.xib in Resources */,
				A6E660E022ABE46E00331B8B /* WeekdayTableViewCell.xib in Resources */,
				A6DD797622AA5A4800C51D25 /* GuideHeaderView.xib in Resources */,
				A68344F622A8A42700B43C6E /* table.plist in Resources */,
				A6DD796C22AA41FB00C51D25 /* guide.plist in Resources */,
				A6E660DA22ABD61D00331B8B /* ReminderTableViewCell.xib in Resources */,
				A6DD797322AA4EDE00C51D25 /* Localizable.strings in Resources */,
				A68344DD22A8171600B43C6E /* LaunchScreen.storyboard in Resources */,
				A6E660E422ABE8A000331B8B /* WeekTableViewCell.xib in Resources */,
				A68344DA22A8171600B43C6E /* Assets.xcassets in Resources */,
				A6E660E822ABFE8500331B8B /* TimeTableViewCell.xib in Resources */,
			);
			runOnlyForDeploymentPostprocessing = 0;
		};
/* End PBXResourcesBuildPhase section */

/* Begin PBXShellScriptBuildPhase section */
		A683450E22A8CBED00B43C6E /* Reveal */ = {
			isa = PBXShellScriptBuildPhase;
			buildActionMask = 2147483647;
			files = (
			);
			inputFileListPaths = (
			);
			inputPaths = (
			);
			name = Reveal;
			outputFileListPaths = (
			);
			outputPaths = (
			);
			runOnlyForDeploymentPostprocessing = 0;
			shellPath = /bin/sh;
			shellScript = "# Type a script or drag a script file from your workspace to insert its path.\nREVEAL_APP_PATH=$(mdfind kMDItemCFBundleIdentifier=\"com.ittybittyapps.Reveal2\" | head -n 1)\nBUILD_SCRIPT_PATH=\"${REVEAL_APP_PATH}/Contents/SharedSupport/Scripts/reveal_server_build_phase.sh\"\nif [ \"${REVEAL_APP_PATH}\" -a -e \"${BUILD_SCRIPT_PATH}\" ]; then\n\"${BUILD_SCRIPT_PATH}\"\nelse\necho \"Reveal Server not loaded: Cannot find a compatible Reveal app.\"\nfi\n";
		};
/* End PBXShellScriptBuildPhase section */

/* Begin PBXSourcesBuildPhase section */
		A68344CB22A8171300B43C6E /* Sources */ = {
			isa = PBXSourcesBuildPhase;
			buildActionMask = 2147483647;
			files = (
				A683451222A8FB6000B43C6E /* IBView.swift in Sources */,
				A68344EB22A85A5B00B43C6E /* ItemTableViewCell.swift in Sources */,
				A683451522A9264300B43C6E /* GuideHeaderView.swift in Sources */,
				A683450C22A8C57A00B43C6E /* GuideCollectionViewCell.swift in Sources */,
				A6E660E722ABFE8500331B8B /* TimeTableViewCell.swift in Sources */,
				A6E660D922ABD61D00331B8B /* ReminderTableViewCell.swift in Sources */,
				A6AC2A4222ACB0FE00ED8E61 /* NotificationHelper.swift in Sources */,
				A68344E822A8570900B43C6E /* Store.swift in Sources */,
				A683450922A8C56100B43C6E /* GuideCollectionViewController.swift in Sources */,
				A68344EE22A8600900B43C6E /* BaseTableViewController.swift in Sources */,
				A6E660DF22ABE46E00331B8B /* WeekdayTableViewCell.swift in Sources */,
				A6AC2A4422ACB26900ED8E61 /* Reminder+Notification.swift in Sources */,
				A68344F422A8698500B43C6E /* SearchHeaderView.swift in Sources */,
				A6E660D622ABD5CB00331B8B /* ReminderListViewController.swift in Sources */,
				A68344F222A8695300B43C6E /* SearchHistory.swift in Sources */,
				A6E660D422ABD3BA00331B8B /* Reminder.swift in Sources */,
				A6E660E322ABE8A000331B8B /* WeekTableViewCell.swift in Sources */,
				A6E660DC22ABE44700331B8B /* EditReminderViewController.swift in Sources */,
				A68344F022A8616A00B43C6E /* ResultsTableController.swift in Sources */,
				A68344D522A8171300B43C6E /* MainTableViewController.swift in Sources */,
				A68344D322A8171300B43C6E /* AppDelegate.swift in Sources */,
			);
			runOnlyForDeploymentPostprocessing = 0;
		};
/* End PBXSourcesBuildPhase section */

/* Begin PBXVariantGroup section */
		A68344DB22A8171600B43C6E /* LaunchScreen.storyboard */ = {
			isa = PBXVariantGroup;
			children = (
				A68344DC22A8171600B43C6E /* Base */,
				A68344F922A8A44A00B43C6E /* ja */,
				A68344FB22A8A45400B43C6E /* zh-Hans */,
			);
			name = LaunchScreen.storyboard;
			sourceTree = "<group>";
		};
		A68344F822A8A42700B43C6E /* table.plist */ = {
			isa = PBXVariantGroup;
			children = (
				A68344FA22A8A44A00B43C6E /* ja */,
				A683450422A8C0DF00B43C6E /* zh-Hans */,
				A683450522A8C0E100B43C6E /* en */,
			);
			name = table.plist;
			sourceTree = "<group>";
		};
		A6DD796E22AA41FB00C51D25 /* guide.plist */ = {
			isa = PBXVariantGroup;
			children = (
				A6DD796D22AA41FB00C51D25 /* zh-Hans */,
				A6DD796F22AA420800C51D25 /* ja */,
				A6DD797022AA420900C51D25 /* en */,
			);
			name = guide.plist;
			sourceTree = "<group>";
		};
		A6DD797122AA4EDE00C51D25 /* Localizable.strings */ = {
			isa = PBXVariantGroup;
			children = (
				A6DD797222AA4EDE00C51D25 /* en */,
				A6DD797422AA4EE200C51D25 /* zh-Hans */,
				A6DD797522AA4EE500C51D25 /* ja */,
			);
			name = Localizable.strings;
			sourceTree = "<group>";
		};
		A6DD797822AA5A4800C51D25 /* GuideHeaderView.xib */ = {
			isa = PBXVariantGroup;
			children = (
				A6DD797722AA5A4800C51D25 /* en */,
				A6DD797E22AA5B8700C51D25 /* zh-Hans */,
				A6DD797F22AA5B8700C51D25 /* ja */,
			);
			name = GuideHeaderView.xib;
			sourceTree = "<group>";
		};
/* End PBXVariantGroup section */

/* Begin XCBuildConfiguration section */
		A68344DF22A8171600B43C6E /* Debug */ = {
			isa = XCBuildConfiguration;
			buildSettings = {
				ALWAYS_SEARCH_USER_PATHS = NO;
				CLANG_ANALYZER_LOCALIZABILITY_NONLOCALIZED = YES;
				CLANG_ANALYZER_NONNULL = YES;
				CLANG_ANALYZER_NUMBER_OBJECT_CONVERSION = YES_AGGRESSIVE;
				CLANG_CXX_LANGUAGE_STANDARD = "gnu++14";
				CLANG_CXX_LIBRARY = "libc++";
				CLANG_ENABLE_MODULES = YES;
				CLANG_ENABLE_OBJC_ARC = YES;
				CLANG_ENABLE_OBJC_WEAK = YES;
				CLANG_WARN_BLOCK_CAPTURE_AUTORELEASING = YES;
				CLANG_WARN_BOOL_CONVERSION = YES;
				CLANG_WARN_COMMA = YES;
				CLANG_WARN_CONSTANT_CONVERSION = YES;
				CLANG_WARN_DEPRECATED_OBJC_IMPLEMENTATIONS = YES;
				CLANG_WARN_DIRECT_OBJC_ISA_USAGE = YES_ERROR;
				CLANG_WARN_DOCUMENTATION_COMMENTS = YES;
				CLANG_WARN_EMPTY_BODY = YES;
				CLANG_WARN_ENUM_CONVERSION = YES;
				CLANG_WARN_INFINITE_RECURSION = YES;
				CLANG_WARN_INT_CONVERSION = YES;
				CLANG_WARN_NON_LITERAL_NULL_CONVERSION = YES;
				CLANG_WARN_OBJC_IMPLICIT_RETAIN_SELF = YES;
				CLANG_WARN_OBJC_LITERAL_CONVERSION = YES;
				CLANG_WARN_OBJC_ROOT_CLASS = YES_ERROR;
				CLANG_WARN_RANGE_LOOP_ANALYSIS = YES;
				CLANG_WARN_STRICT_PROTOTYPES = YES;
				CLANG_WARN_SUSPICIOUS_MOVE = YES;
				CLANG_WARN_UNGUARDED_AVAILABILITY = YES_AGGRESSIVE;
				CLANG_WARN_UNREACHABLE_CODE = YES;
				CLANG_WARN__DUPLICATE_METHOD_MATCH = YES;
				CODE_SIGN_IDENTITY = "iPhone Developer";
				COPY_PHASE_STRIP = NO;
				DEBUG_INFORMATION_FORMAT = dwarf;
				ENABLE_STRICT_OBJC_MSGSEND = YES;
				ENABLE_TESTABILITY = YES;
				GCC_C_LANGUAGE_STANDARD = gnu11;
				GCC_DYNAMIC_NO_PIC = NO;
				GCC_NO_COMMON_BLOCKS = YES;
				GCC_OPTIMIZATION_LEVEL = 0;
				GCC_PREPROCESSOR_DEFINITIONS = (
					"DEBUG=1",
					"$(inherited)",
				);
				GCC_WARN_64_TO_32_BIT_CONVERSION = YES;
				GCC_WARN_ABOUT_RETURN_TYPE = YES_ERROR;
				GCC_WARN_UNDECLARED_SELECTOR = YES;
				GCC_WARN_UNINITIALIZED_AUTOS = YES_AGGRESSIVE;
				GCC_WARN_UNUSED_FUNCTION = YES;
				GCC_WARN_UNUSED_VARIABLE = YES;
				IPHONEOS_DEPLOYMENT_TARGET = 12.2;
				MTL_ENABLE_DEBUG_INFO = INCLUDE_SOURCE;
				MTL_FAST_MATH = YES;
				ONLY_ACTIVE_ARCH = YES;
				SDKROOT = iphoneos;
				SWIFT_ACTIVE_COMPILATION_CONDITIONS = DEBUG;
				SWIFT_OPTIMIZATION_LEVEL = "-Onone";
			};
			name = Debug;
		};
		A68344E022A8171600B43C6E /* Release */ = {
			isa = XCBuildConfiguration;
			buildSettings = {
				ALWAYS_SEARCH_USER_PATHS = NO;
				CLANG_ANALYZER_LOCALIZABILITY_NONLOCALIZED = YES;
				CLANG_ANALYZER_NONNULL = YES;
				CLANG_ANALYZER_NUMBER_OBJECT_CONVERSION = YES_AGGRESSIVE;
				CLANG_CXX_LANGUAGE_STANDARD = "gnu++14";
				CLANG_CXX_LIBRARY = "libc++";
				CLANG_ENABLE_MODULES = YES;
				CLANG_ENABLE_OBJC_ARC = YES;
				CLANG_ENABLE_OBJC_WEAK = YES;
				CLANG_WARN_BLOCK_CAPTURE_AUTORELEASING = YES;
				CLANG_WARN_BOOL_CONVERSION = YES;
				CLANG_WARN_COMMA = YES;
				CLANG_WARN_CONSTANT_CONVERSION = YES;
				CLANG_WARN_DEPRECATED_OBJC_IMPLEMENTATIONS = YES;
				CLANG_WARN_DIRECT_OBJC_ISA_USAGE = YES_ERROR;
				CLANG_WARN_DOCUMENTATION_COMMENTS = YES;
				CLANG_WARN_EMPTY_BODY = YES;
				CLANG_WARN_ENUM_CONVERSION = YES;
				CLANG_WARN_INFINITE_RECURSION = YES;
				CLANG_WARN_INT_CONVERSION = YES;
				CLANG_WARN_NON_LITERAL_NULL_CONVERSION = YES;
				CLANG_WARN_OBJC_IMPLICIT_RETAIN_SELF = YES;
				CLANG_WARN_OBJC_LITERAL_CONVERSION = YES;
				CLANG_WARN_OBJC_ROOT_CLASS = YES_ERROR;
				CLANG_WARN_RANGE_LOOP_ANALYSIS = YES;
				CLANG_WARN_STRICT_PROTOTYPES = YES;
				CLANG_WARN_SUSPICIOUS_MOVE = YES;
				CLANG_WARN_UNGUARDED_AVAILABILITY = YES_AGGRESSIVE;
				CLANG_WARN_UNREACHABLE_CODE = YES;
				CLANG_WARN__DUPLICATE_METHOD_MATCH = YES;
				CODE_SIGN_IDENTITY = "iPhone Developer";
				COPY_PHASE_STRIP = NO;
				DEBUG_INFORMATION_FORMAT = "dwarf-with-dsym";
				ENABLE_NS_ASSERTIONS = NO;
				ENABLE_STRICT_OBJC_MSGSEND = YES;
				GCC_C_LANGUAGE_STANDARD = gnu11;
				GCC_NO_COMMON_BLOCKS = YES;
				GCC_WARN_64_TO_32_BIT_CONVERSION = YES;
				GCC_WARN_ABOUT_RETURN_TYPE = YES_ERROR;
				GCC_WARN_UNDECLARED_SELECTOR = YES;
				GCC_WARN_UNINITIALIZED_AUTOS = YES_AGGRESSIVE;
				GCC_WARN_UNUSED_FUNCTION = YES;
				GCC_WARN_UNUSED_VARIABLE = YES;
				IPHONEOS_DEPLOYMENT_TARGET = 12.2;
				MTL_ENABLE_DEBUG_INFO = NO;
				MTL_FAST_MATH = YES;
				SDKROOT = iphoneos;
				SWIFT_COMPILATION_MODE = wholemodule;
				SWIFT_OPTIMIZATION_LEVEL = "-O";
				VALIDATE_PRODUCT = YES;
			};
			name = Release;
		};
		A68344E222A8171600B43C6E /* Debug */ = {
			isa = XCBuildConfiguration;
			buildSettings = {
				ASSETCATALOG_COMPILER_APPICON_NAME = AppIcon;
				CODE_SIGN_STYLE = Automatic;
				DEVELOPMENT_TEAM = DUDTP565G4;
				INFOPLIST_FILE = Gomi/Info.plist;
				IPHONEOS_DEPLOYMENT_TARGET = 11.0;
				LD_RUNPATH_SEARCH_PATHS = (
					"$(inherited)",
					"@executable_path/Frameworks",
				);
				PRODUCT_BUNDLE_IDENTIFIER = com.richrabbits.Gomi;
				PRODUCT_NAME = "$(TARGET_NAME)";
				SWIFT_VERSION = 5.0;
				TARGETED_DEVICE_FAMILY = "1,2";
			};
			name = Debug;
		};
		A68344E322A8171600B43C6E /* Release */ = {
			isa = XCBuildConfiguration;
			buildSettings = {
				ASSETCATALOG_COMPILER_APPICON_NAME = AppIcon;
				CODE_SIGN_STYLE = Automatic;
				DEVELOPMENT_TEAM = DUDTP565G4;
				INFOPLIST_FILE = Gomi/Info.plist;
				IPHONEOS_DEPLOYMENT_TARGET = 11.0;
				LD_RUNPATH_SEARCH_PATHS = (
					"$(inherited)",
					"@executable_path/Frameworks",
				);
				PRODUCT_BUNDLE_IDENTIFIER = com.richrabbits.Gomi;
				PRODUCT_NAME = "$(TARGET_NAME)";
				SWIFT_VERSION = 5.0;
				TARGETED_DEVICE_FAMILY = "1,2";
			};
			name = Release;
		};
/* End XCBuildConfiguration section */

/* Begin XCConfigurationList section */
		A68344CA22A8171300B43C6E /* Build configuration list for PBXProject "Gomi" */ = {
			isa = XCConfigurationList;
			buildConfigurations = (
				A68344DF22A8171600B43C6E /* Debug */,
				A68344E022A8171600B43C6E /* Release */,
			);
			defaultConfigurationIsVisible = 0;
			defaultConfigurationName = Release;
		};
		A68344E122A8171600B43C6E /* Build configuration list for PBXNativeTarget "Gomi" */ = {
			isa = XCConfigurationList;
			buildConfigurations = (
				A68344E222A8171600B43C6E /* Debug */,
				A68344E322A8171600B43C6E /* Release */,
			);
			defaultConfigurationIsVisible = 0;
			defaultConfigurationName = Release;
		};
/* End XCConfigurationList section */
	};
	rootObject = A68344C722A8171300B43C6E /* Project object */;
}
