// !$*UTF8*$!
{
	archiveVersion = 1;
	classes = {
	};
	objectVersion = 50;
	objects = {

/* Begin PBXBuildFile section */
		A68344D322A8171300B43C6E /* AppDelegate.swift in Sources */ = {isa = PBXBuildFile; fileRef = A68344D222A8171300B43C6E /* AppDelegate.swift */; };
		A68344D522A8171300B43C6E /* MainTableViewController.swift in Sources */ = {isa = PBXBuildFile; fileRef = A68344D422A8171300B43C6E /* MainTableViewController.swift */; };
		A68344DA22A8171600B43C6E /* Assets.xcassets in Resources */ = {isa = PBXBuildFile; fileRef = A68344D922A8171600B43C6E /* Assets.xcassets */; };
		A68344DD22A8171600B43C6E /* LaunchScreen.storyboard in Resources */ = {isa = PBXBuildFile; fileRef = A68344DB22A8171600B43C6E /* LaunchScreen.storyboard */; };
		A68344E522A8190500B43C6E /* table.plist in Resources */ = {isa = PBXBuildFile; fileRef = A68344E422A8190500B43C6E /* table.plist */; };
		A68344E822A8570900B43C6E /* Store.swift in Sources */ = {isa = PBXBuildFile; fileRef = A68344E722A8570900B43C6E /* Store.swift */; };
		A68344EB22A85A5B00B43C6E /* ItemTableViewCell.swift in Sources */ = {isa = PBXBuildFile; fileRef = A68344E922A85A5B00B43C6E /* ItemTableViewCell.swift */; };
		A68344EC22A85A5B00B43C6E /* ItemTableViewCell.xib in Resources */ = {isa = PBXBuildFile; fileRef = A68344EA22A85A5B00B43C6E /* ItemTableViewCell.xib */; };
		A68344EE22A8600900B43C6E /* BaseTableViewController.swift in Sources */ = {isa = PBXBuildFile; fileRef = A68344ED22A8600900B43C6E /* BaseTableViewController.swift */; };
		A68344F022A8616A00B43C6E /* ResultsTableController.swift in Sources */ = {isa = PBXBuildFile; fileRef = A68344EF22A8616A00B43C6E /* ResultsTableController.swift */; };
		A68344F222A8695300B43C6E /* SearchHistory.swift in Sources */ = {isa = PBXBuildFile; fileRef = A68344F122A8695300B43C6E /* SearchHistory.swift */; };
		A68344F422A8698500B43C6E /* SearchHeaderView.swift in Sources */ = {isa = PBXBuildFile; fileRef = A68344F322A8698500B43C6E /* SearchHeaderView.swift */; };
/* End PBXBuildFile section */

/* Begin PBXFileReference section */
		A68344CF22A8171300B43C6E /* Gomi.app */ = {isa = PBXFileReference; explicitFileType = wrapper.application; includeInIndex = 0; path = Gomi.app; sourceTree = BUILT_PRODUCTS_DIR; };
		A68344D222A8171300B43C6E /* AppDelegate.swift */ = {isa = PBXFileReference; lastKnownFileType = sourcecode.swift; path = AppDelegate.swift; sourceTree = "<group>"; };
		A68344D422A8171300B43C6E /* MainTableViewController.swift */ = {isa = PBXFileReference; lastKnownFileType = sourcecode.swift; path = MainTableViewController.swift; sourceTree = "<group>"; };
		A68344D922A8171600B43C6E /* Assets.xcassets */ = {isa = PBXFileReference; lastKnownFileType = folder.assetcatalog; path = Assets.xcassets; sourceTree = "<group>"; };
		A68344DC22A8171600B43C6E /* Base */ = {isa = PBXFileReference; lastKnownFileType = file.storyboard; name = Base; path = Base.lproj/LaunchScreen.storyboard; sourceTree = "<group>"; };
		A68344DE22A8171600B43C6E /* Info.plist */ = {isa = PBXFileReference; lastKnownFileType = text.plist.xml; path = Info.plist; sourceTree = "<group>"; };
		A68344E422A8190500B43C6E /* table.plist */ = {isa = PBXFileReference; lastKnownFileType = text.plist.xml; path = table.plist; sourceTree = "<group>"; };
		A68344E722A8570900B43C6E /* Store.swift */ = {isa = PBXFileReference; lastKnownFileType = sourcecode.swift; path = Store.swift; sourceTree = "<group>"; };
		A68344E922A85A5B00B43C6E /* ItemTableViewCell.swift */ = {isa = PBXFileReference; lastKnownFileType = sourcecode.swift; path = ItemTableViewCell.swift; sourceTree = "<group>"; };
		A68344EA22A85A5B00B43C6E /* ItemTableViewCell.xib */ = {isa = PBXFileReference; lastKnownFileType = file.xib; path = ItemTableViewCell.xib; sourceTree = "<group>"; };
		A68344ED22A8600900B43C6E /* BaseTableViewController.swift */ = {isa = PBXFileReference; lastKnownFileType = sourcecode.swift; path = BaseTableViewController.swift; sourceTree = "<group>"; };
		A68344EF22A8616A00B43C6E /* ResultsTableController.swift */ = {isa = PBXFileReference; fileEncoding = 4; lastKnownFileType = sourcecode.swift; path = ResultsTableController.swift; sourceTree = "<group>"; };
		A68344F122A8695300B43C6E /* SearchHistory.swift */ = {isa = PBXFileReference; fileEncoding = 4; lastKnownFileType = sourcecode.swift; path = SearchHistory.swift; sourceTree = "<group>"; };
		A68344F322A8698500B43C6E /* SearchHeaderView.swift */ = {isa = PBXFileReference; fileEncoding = 4; lastKnownFileType = sourcecode.swift; path = SearchHeaderView.swift; sourceTree = "<group>"; };
		A68344F522A86F6300B43C6E /* README.md */ = {isa = PBXFileReference; lastKnownFileType = net.daringfireball.markdown; path = README.md; sourceTree = SOURCE_ROOT; };
/* End PBXFileReference section */

/* Begin PBXFrameworksBuildPhase section */
		A68344CC22A8171300B43C6E /* Frameworks */ = {
			isa = PBXFrameworksBuildPhase;
			buildActionMask = 2147483647;
			files = (
			);
			runOnlyForDeploymentPostprocessing = 0;
		};
/* End PBXFrameworksBuildPhase section */

/* Begin PBXGroup section */
		A68344C622A8171300B43C6E = {
			isa = PBXGroup;
			children = (
				A68344D122A8171300B43C6E /* Gomi */,
				A68344D022A8171300B43C6E /* Products */,
			);
			sourceTree = "<group>";
		};
		A68344D022A8171300B43C6E /* Products */ = {
			isa = PBXGroup;
			children = (
				A68344CF22A8171300B43C6E /* Gomi.app */,
			);
			name = Products;
			sourceTree = "<group>";
		};
		A68344D122A8171300B43C6E /* Gomi */ = {
			isa = PBXGroup;
			children = (
				A68344D222A8171300B43C6E /* AppDelegate.swift */,
				A68344E722A8570900B43C6E /* Store.swift */,
				A68344F122A8695300B43C6E /* SearchHistory.swift */,
				A68344F322A8698500B43C6E /* SearchHeaderView.swift */,
				A68344D422A8171300B43C6E /* MainTableViewController.swift */,
				A68344EF22A8616A00B43C6E /* ResultsTableController.swift */,
				A68344ED22A8600900B43C6E /* BaseTableViewController.swift */,
				A68344E922A85A5B00B43C6E /* ItemTableViewCell.swift */,
				A68344EA22A85A5B00B43C6E /* ItemTableViewCell.xib */,
				A68344D922A8171600B43C6E /* Assets.xcassets */,
				A68344DB22A8171600B43C6E /* LaunchScreen.storyboard */,
				A68344E422A8190500B43C6E /* table.plist */,
				A68344DE22A8171600B43C6E /* Info.plist */,
				A68344F522A86F6300B43C6E /* README.md */,
			);
			path = Gomi;
			sourceTree = "<group>";
		};
/* End PBXGroup section */

/* Begin PBXNativeTarget section */
		A68344CE22A8171300B43C6E /* Gomi */ = {
			isa = PBXNativeTarget;
			buildConfigurationList = A68344E122A8171600B43C6E /* Build configuration list for PBXNativeTarget "Gomi" */;
			buildPhases = (
				A68344CB22A8171300B43C6E /* Sources */,
				A68344CC22A8171300B43C6E /* Frameworks */,
				A68344CD22A8171300B43C6E /* Resources */,
			);
			buildRules = (
			);
			dependencies = (
			);
			name = Gomi;
			productName = Gomi;
			productReference = A68344CF22A8171300B43C6E /* Gomi.app */;
			productType = "com.apple.product-type.application";
		};
/* End PBXNativeTarget section */

/* Begin PBXProject section */
		A68344C722A8171300B43C6E /* Project object */ = {
			isa = PBXProject;
			attributes = {
				LastSwiftUpdateCheck = 1020;
				LastUpgradeCheck = 1020;
				TargetAttributes = {
					A68344CE22A8171300B43C6E = {
						CreatedOnToolsVersion = 10.2.1;
					};
				};
			};
			buildConfigurationList = A68344CA22A8171300B43C6E /* Build configuration list for PBXProject "Gomi" */;
			compatibilityVersion = "Xcode 9.3";
			developmentRegion = en;
			hasScannedForEncodings = 0;
			knownRegions = (
				en,
				Base,
			);
			mainGroup = A68344C622A8171300B43C6E;
			productRefGroup = A68344D022A8171300B43C6E /* Products */;
			projectDirPath = "";
			projectRoot = "";
			targets = (
				A68344CE22A8171300B43C6E /* Gomi */,
			);
		};
/* End PBXProject section */

/* Begin PBXResourcesBuildPhase section */
		A68344CD22A8171300B43C6E /* Resources */ = {
			isa = PBXResourcesBuildPhase;
			buildActionMask = 2147483647;
			files = (
				A68344EC22A85A5B00B43C6E /* ItemTableViewCell.xib in Resources */,
				A68344E522A8190500B43C6E /* table.plist in Resources */,
				A68344DD22A8171600B43C6E /* LaunchScreen.storyboard in Resources */,
				A68344DA22A8171600B43C6E /* Assets.xcassets in Resources */,
			);
			runOnlyForDeploymentPostprocessing = 0;
		};
/* End PBXResourcesBuildPhase section */

/* Begin PBXSourcesBuildPhase section */
		A68344CB22A8171300B43C6E /* Sources */ = {
			isa = PBXSourcesBuildPhase;
			buildActionMask = 2147483647;
			files = (
				A68344EB22A85A5B00B43C6E /* ItemTableViewCell.swift in Sources */,
				A68344E822A8570900B43C6E /* Store.swift in Sources */,
				A68344EE22A8600900B43C6E /* BaseTableViewController.swift in Sources */,
				A68344F422A8698500B43C6E /* SearchHeaderView.swift in Sources */,
				A68344F222A8695300B43C6E /* SearchHistory.swift in Sources */,
				A68344F022A8616A00B43C6E /* ResultsTableController.swift in Sources */,
				A68344D522A8171300B43C6E /* MainTableViewController.swift in Sources */,
				A68344D322A8171300B43C6E /* AppDelegate.swift in Sources */,
			);
			runOnlyForDeploymentPostprocessing = 0;
		};
/* End PBXSourcesBuildPhase section */

/* Begin PBXVariantGroup section */
		A68344DB22A8171600B43C6E /* LaunchScreen.storyboard */ = {
			isa = PBXVariantGroup;
			children = (
				A68344DC22A8171600B43C6E /* Base */,
			);
			name = LaunchScreen.storyboard;
			sourceTree = "<group>";
		};
/* End PBXVariantGroup section */

/* Begin XCBuildConfiguration section */
		A68344DF22A8171600B43C6E /* Debug */ = {
			isa = XCBuildConfiguration;
			buildSettings = {
				ALWAYS_SEARCH_USER_PATHS = NO;
				CLANG_ANALYZER_NONNULL = YES;
				CLANG_ANALYZER_NUMBER_OBJECT_CONVERSION = YES_AGGRESSIVE;
				CLANG_CXX_LANGUAGE_STANDARD = "gnu++14";
				CLANG_CXX_LIBRARY = "libc++";
				CLANG_ENABLE_MODULES = YES;
				CLANG_ENABLE_OBJC_ARC = YES;
				CLANG_ENABLE_OBJC_WEAK = YES;
				CLANG_WARN_BLOCK_CAPTURE_AUTORELEASING = YES;
				CLANG_WARN_BOOL_CONVERSION = YES;
				CLANG_WARN_COMMA = YES;
				CLANG_WARN_CONSTANT_CONVERSION = YES;
				CLANG_WARN_DEPRECATED_OBJC_IMPLEMENTATIONS = YES;
				CLANG_WARN_DIRECT_OBJC_ISA_USAGE = YES_ERROR;
				CLANG_WARN_DOCUMENTATION_COMMENTS = YES;
				CLANG_WARN_EMPTY_BODY = YES;
				CLANG_WARN_ENUM_CONVERSION = YES;
				CLANG_WARN_INFINITE_RECURSION = YES;
				CLANG_WARN_INT_CONVERSION = YES;
				CLANG_WARN_NON_LITERAL_NULL_CONVERSION = YES;
				CLANG_WARN_OBJC_IMPLICIT_RETAIN_SELF = YES;
				CLANG_WARN_OBJC_LITERAL_CONVERSION = YES;
				CLANG_WARN_OBJC_ROOT_CLASS = YES_ERROR;
				CLANG_WARN_RANGE_LOOP_ANALYSIS = YES;
				CLANG_WARN_STRICT_PROTOTYPES = YES;
				CLANG_WARN_SUSPICIOUS_MOVE = YES;
				CLANG_WARN_UNGUARDED_AVAILABILITY = YES_AGGRESSIVE;
				CLANG_WARN_UNREACHABLE_CODE = YES;
				CLANG_WARN__DUPLICATE_METHOD_MATCH = YES;
				CODE_SIGN_IDENTITY = "iPhone Developer";
				COPY_PHASE_STRIP = NO;
				DEBUG_INFORMATION_FORMAT = dwarf;
				ENABLE_STRICT_OBJC_MSGSEND = YES;
				ENABLE_TESTABILITY = YES;
				GCC_C_LANGUAGE_STANDARD = gnu11;
				GCC_DYNAMIC_NO_PIC = NO;
				GCC_NO_COMMON_BLOCKS = YES;
				GCC_OPTIMIZATION_LEVEL = 0;
				GCC_PREPROCESSOR_DEFINITIONS = (
					"DEBUG=1",
					"$(inherited)",
				);
				GCC_WARN_64_TO_32_BIT_CONVERSION = YES;
				GCC_WARN_ABOUT_RETURN_TYPE = YES_ERROR;
				GCC_WARN_UNDECLARED_SELECTOR = YES;
				GCC_WARN_UNINITIALIZED_AUTOS = YES_AGGRESSIVE;
				GCC_WARN_UNUSED_FUNCTION = YES;
				GCC_WARN_UNUSED_VARIABLE = YES;
				IPHONEOS_DEPLOYMENT_TARGET = 12.2;
				MTL_ENABLE_DEBUG_INFO = INCLUDE_SOURCE;
				MTL_FAST_MATH = YES;
				ONLY_ACTIVE_ARCH = YES;
				SDKROOT = iphoneos;
				SWIFT_ACTIVE_COMPILATION_CONDITIONS = DEBUG;
				SWIFT_OPTIMIZATION_LEVEL = "-Onone";
			};
			name = Debug;
		};
		A68344E022A8171600B43C6E /* Release */ = {
			isa = XCBuildConfiguration;
			buildSettings = {
				ALWAYS_SEARCH_USER_PATHS = NO;
				CLANG_ANALYZER_NONNULL = YES;
				CLANG_ANALYZER_NUMBER_OBJECT_CONVERSION = YES_AGGRESSIVE;
				CLANG_CXX_LANGUAGE_STANDARD = "gnu++14";
				CLANG_CXX_LIBRARY = "libc++";
				CLANG_ENABLE_MODULES = YES;
				CLANG_ENABLE_OBJC_ARC = YES;
				CLANG_ENABLE_OBJC_WEAK = YES;
				CLANG_WARN_BLOCK_CAPTURE_AUTORELEASING = YES;
				CLANG_WARN_BOOL_CONVERSION = YES;
				CLANG_WARN_COMMA = YES;
				CLANG_WARN_CONSTANT_CONVERSION = YES;
				CLANG_WARN_DEPRECATED_OBJC_IMPLEMENTATIONS = YES;
				CLANG_WARN_DIRECT_OBJC_ISA_USAGE = YES_ERROR;
				CLANG_WARN_DOCUMENTATION_COMMENTS = YES;
				CLANG_WARN_EMPTY_BODY = YES;
				CLANG_WARN_ENUM_CONVERSION = YES;
				CLANG_WARN_INFINITE_RECURSION = YES;
				CLANG_WARN_INT_CONVERSION = YES;
				CLANG_WARN_NON_LITERAL_NULL_CONVERSION = YES;
				CLANG_WARN_OBJC_IMPLICIT_RETAIN_SELF = YES;
				CLANG_WARN_OBJC_LITERAL_CONVERSION = YES;
				CLANG_WARN_OBJC_ROOT_CLASS = YES_ERROR;
				CLANG_WARN_RANGE_LOOP_ANALYSIS = YES;
				CLANG_WARN_STRICT_PROTOTYPES = YES;
				CLANG_WARN_SUSPICIOUS_MOVE = YES;
				CLANG_WARN_UNGUARDED_AVAILABILITY = YES_AGGRESSIVE;
				CLANG_WARN_UNREACHABLE_CODE = YES;
				CLANG_WARN__DUPLICATE_METHOD_MATCH = YES;
				CODE_SIGN_IDENTITY = "iPhone Developer";
				COPY_PHASE_STRIP = NO;
				DEBUG_INFORMATION_FORMAT = "dwarf-with-dsym";
				ENABLE_NS_ASSERTIONS = NO;
				ENABLE_STRICT_OBJC_MSGSEND = YES;
				GCC_C_LANGUAGE_STANDARD = gnu11;
				GCC_NO_COMMON_BLOCKS = YES;
				GCC_WARN_64_TO_32_BIT_CONVERSION = YES;
				GCC_WARN_ABOUT_RETURN_TYPE = YES_ERROR;
				GCC_WARN_UNDECLARED_SELECTOR = YES;
				GCC_WARN_UNINITIALIZED_AUTOS = YES_AGGRESSIVE;
				GCC_WARN_UNUSED_FUNCTION = YES;
				GCC_WARN_UNUSED_VARIABLE = YES;
				IPHONEOS_DEPLOYMENT_TARGET = 12.2;
				MTL_ENABLE_DEBUG_INFO = NO;
				MTL_FAST_MATH = YES;
				SDKROOT = iphoneos;
				SWIFT_COMPILATION_MODE = wholemodule;
				SWIFT_OPTIMIZATION_LEVEL = "-O";
				VALIDATE_PRODUCT = YES;
			};
			name = Release;
		};
		A68344E222A8171600B43C6E /* Debug */ = {
			isa = XCBuildConfiguration;
			buildSettings = {
				ASSETCATALOG_COMPILER_APPICON_NAME = AppIcon;
				CODE_SIGN_STYLE = Automatic;
				DEVELOPMENT_TEAM = DUDTP565G4;
				INFOPLIST_FILE = Gomi/Info.plist;
				IPHONEOS_DEPLOYMENT_TARGET = 11.0;
				LD_RUNPATH_SEARCH_PATHS = (
					"$(inherited)",
					"@executable_path/Frameworks",
				);
				PRODUCT_BUNDLE_IDENTIFIER = com.richrabbits.Gomi;
				PRODUCT_NAME = "$(TARGET_NAME)";
				SWIFT_VERSION = 5.0;
				TARGETED_DEVICE_FAMILY = "1,2";
			};
			name = Debug;
		};
		A68344E322A8171600B43C6E /* Release */ = {
			isa = XCBuildConfiguration;
			buildSettings = {
				ASSETCATALOG_COMPILER_APPICON_NAME = AppIcon;
				CODE_SIGN_STYLE = Automatic;
				DEVELOPMENT_TEAM = DUDTP565G4;
				INFOPLIST_FILE = Gomi/Info.plist;
				IPHONEOS_DEPLOYMENT_TARGET = 11.0;
				LD_RUNPATH_SEARCH_PATHS = (
					"$(inherited)",
					"@executable_path/Frameworks",
				);
				PRODUCT_BUNDLE_IDENTIFIER = com.richrabbits.Gomi;
				PRODUCT_NAME = "$(TARGET_NAME)";
				SWIFT_VERSION = 5.0;
				TARGETED_DEVICE_FAMILY = "1,2";
			};
			name = Release;
		};
/* End XCBuildConfiguration section */

/* Begin XCConfigurationList section */
		A68344CA22A8171300B43C6E /* Build configuration list for PBXProject "Gomi" */ = {
			isa = XCConfigurationList;
			buildConfigurations = (
				A68344DF22A8171600B43C6E /* Debug */,
				A68344E022A8171600B43C6E /* Release */,
			);
			defaultConfigurationIsVisible = 0;
			defaultConfigurationName = Release;
		};
		A68344E122A8171600B43C6E /* Build configuration list for PBXNativeTarget "Gomi" */ = {
			isa = XCConfigurationList;
			buildConfigurations = (
				A68344E222A8171600B43C6E /* Debug */,
				A68344E322A8171600B43C6E /* Release */,
			);
			defaultConfigurationIsVisible = 0;
			defaultConfigurationName = Release;
		};
/* End XCConfigurationList section */
	};
	rootObject = A68344C722A8171300B43C6E /* Project object */;
}
